
Microsoft Visual Studio Solution File, Format Version 12.00
# Visual Studio 14
VisualStudioVersion = 14.0.25420.1
MinimumVisualStudioVersion = 10.0.40219.1
Project("{FAE04EC0-301F-11D3-BF4B-00C04F79EFBC}") = "hotelManageSystem", "hotelManageSystem\hotelManageSystem.csproj", "{C70ADA52-A162-4E89-8BB7-64A9D8222806}"
EndProject
Global
	GlobalSection(SolutionConfigurationPlatforms) = preSolution
		Debug|Any CPU = Debug|Any CPU
		Release|Any CPU = Release|Any CPU
	EndGlobalSection
	GlobalSection(ProjectConfigurationPlatforms) = postSolution
		{C70ADA52-A162-4E89-8BB7-64A9D8222806}.Debug|Any CPU.ActiveCfg = Debug|Any CPU
		{C70ADA52-A162-4E89-8BB7-64A9D8222806}.Debug|Any CPU.Build.0 = Debug|Any CPU
		{C70ADA52-A162-4E89-8BB7-64A9D8222806}.Release|Any CPU.ActiveCfg = Release|Any CPU
		{C70ADA52-A162-4E89-8BB7-64A9D8222806}.Release|Any CPU.Build.0 = Release|Any CPU
	EndGlobalSection
	GlobalSection(SolutionProperties) = preSolution
		HideSolutionNode = FALSE
	EndGlobalSection
EndGlobal
